<?xml version="1.0" encoding="utf-8"?>
<Project ToolsVersion="4.0" xmlns="http://schemas.microsoft.com/developer/msbuild/2003">
  <ItemGroup>
    <Filter Include="Solar">
      <UniqueIdentifier>{66A81B0E-D2BC-43BF-9B3E-E71E071240F0}</UniqueIdentifier>
    </Filter>
  </ItemGroup>
  <ItemGroup>
    <ClInclude Include="source\Solar.h" />
    <ClInclude Include="source\Solar\Application.h">
      <Filter>Solar</Filter>
    </ClInclude>
    <ClInclude Include="source\Solar\Core.h">
      <Filter>Solar</Filter>
    </ClInclude>
    <ClInclude Include="source\Solar\EntryPoint.h">
      <Filter>Solar</Filter>
    </ClInclude>
    <ClInclude Include="source\Solar\Log.h">
      <Filter>Solar</Filter>
    </ClInclude>
  </ItemGroup>
  <ItemGroup>
    <ClCompile Include="source\Solar\Application.cpp">
      <Filter>Solar</Filter>
    </ClCompile>
    <ClCompile Include="source\Solar\Log.cpp">
      <Filter>Solar</Filter>
    </ClCompile>
  </ItemGroup>
</Project>