<?xml version="1.0" encoding="utf-8"?>
<Project ToolsVersion="4.0" xmlns="http://schemas.microsoft.com/developer/msbuild/2003">
  <ItemGroup>
    <Filter Include="Platform">
      <UniqueIdentifier>{2AC788B4-1694-E3BF-3FAD-D1672BD9184E}</UniqueIdentifier>
    </Filter>
    <Filter Include="Platform\Windows">
      <UniqueIdentifier>{64FBD71A-50F4-F66C-7926-DCF1657ED678}</UniqueIdentifier>
    </Filter>
    <Filter Include="Solar">
      <UniqueIdentifier>{66A81B0E-D2BC-43BF-9B3E-E71E071240F0}</UniqueIdentifier>
    </Filter>
    <Filter Include="Solar\Events">
      <UniqueIdentifier>{8A251FE3-7688-AE87-1F0E-E73D0B507A0A}</UniqueIdentifier>
    </Filter>
    <Filter Include="Solar\Layers">
      <UniqueIdentifier>{651002F2-5173-9196-FAF8-C94CE63A5D19}</UniqueIdentifier>
    </Filter>
  </ItemGroup>
  <ItemGroup>
    <ClInclude Include="source\Platform\Windows\WindowsWindow.h">
      <Filter>Platform\Windows</Filter>
    </ClInclude>
    <ClInclude Include="source\Solar.h" />
    <ClInclude Include="source\Solar\Application.h">
      <Filter>Solar</Filter>
    </ClInclude>
    <ClInclude Include="source\Solar\Core.h">
      <Filter>Solar</Filter>
    </ClInclude>
    <ClInclude Include="source\Solar\EntryPoint.h">
      <Filter>Solar</Filter>
    </ClInclude>
    <ClInclude Include="source\Solar\Events\ApplicationEvent.h">
      <Filter>Solar\Events</Filter>
    </ClInclude>
    <ClInclude Include="source\Solar\Events\Event.h">
      <Filter>Solar\Events</Filter>
    </ClInclude>
    <ClInclude Include="source\Solar\Events\KeyEvent.h">
      <Filter>Solar\Events</Filter>
    </ClInclude>
    <ClInclude Include="source\Solar\Events\MouseEvent.h">
      <Filter>Solar\Events</Filter>
    </ClInclude>
    <ClInclude Include="source\Solar\Layers\Layer.h">
      <Filter>Solar\Layers</Filter>
    </ClInclude>
    <ClInclude Include="source\Solar\Layers\LayerStack.h">
      <Filter>Solar\Layers</Filter>
    </ClInclude>
    <ClInclude Include="source\Solar\Log.h">
      <Filter>Solar</Filter>
    </ClInclude>
    <ClInclude Include="source\Solar\Window.h">
      <Filter>Solar</Filter>
    </ClInclude>
    <ClInclude Include="source\slpch.h" />
  </ItemGroup>
  <ItemGroup>
    <ClCompile Include="source\Platform\Windows\WindowsWindow.cpp">
      <Filter>Platform\Windows</Filter>
    </ClCompile>
    <ClCompile Include="source\Solar\Application.cpp">
      <Filter>Solar</Filter>
    </ClCompile>
    <ClCompile Include="source\Solar\Layers\Layer.cpp">
      <Filter>Solar\Layers</Filter>
    </ClCompile>
    <ClCompile Include="source\Solar\Layers\LayerStack.cpp">
      <Filter>Solar\Layers</Filter>
    </ClCompile>
    <ClCompile Include="source\Solar\Log.cpp">
      <Filter>Solar</Filter>
    </ClCompile>
    <ClCompile Include="source\slpch.cpp" />
  </ItemGroup>
</Project>